
Microsoft Visual Studio Solution File, Format Version 12.00
# Visual Studio Version 17
VisualStudioVersion = 17.2.32526.322
MinimumVisualStudioVersion = 10.0.40219.1
Project("{FAE04EC0-301F-11D3-BF4B-00C04F79EFBC}") = "front-to-back2", "front-to-back2\front-to-back2.csproj", "{AE2CDC9A-6E94-41A3-A883-BD1F31434298}"
EndProject
Global
	GlobalSection(SolutionConfigurationPlatforms) = preSolution
		Debug|Any CPU = Debug|Any CPU
		Release|Any CPU = Release|Any CPU
	EndGlobalSection
	GlobalSection(ProjectConfigurationPlatforms) = postSolution
		{AE2CDC9A-6E94-41A3-A883-BD1F31434298}.Debug|Any CPU.ActiveCfg = Debug|Any CPU
		{AE2CDC9A-6E94-41A3-A883-BD1F31434298}.Debug|Any CPU.Build.0 = Debug|Any CPU
		{AE2CDC9A-6E94-41A3-A883-BD1F31434298}.Release|Any CPU.ActiveCfg = Release|Any CPU
		{AE2CDC9A-6E94-41A3-A883-BD1F31434298}.Release|Any CPU.Build.0 = Release|Any CPU
	EndGlobalSection
	GlobalSection(SolutionProperties) = preSolution
		HideSolutionNode = FALSE
	EndGlobalSection
	GlobalSection(ExtensibilityGlobals) = postSolution
		SolutionGuid = {A8CD0810-E5B8-4D29-8C85-CDF4C7504C64}
	EndGlobalSection
EndGlobal
